// !$*UTF8*$!
{
	archiveVersion = 1;
	classes = {
	};
	objectVersion = 77;
	objects = {

/* Begin PBXBuildFile section */
		A100000B2FBDFE43009A0E06 /* HomesteadWidgets.appex in Embed Foundation Extensions */ = {isa = PBXBuildFile; fileRef = A10000012FBDFE43009A0E06 /* HomesteadWidgets.appex */; settings = {ATTRIBUTES = (RemoveHeadersOnCopy, ); }; };
/* End PBXBuildFile section */

/* Begin PBXContainerItemProxy section */
		2FE2DD692FBDFE43009A0E06 /* PBXContainerItemProxy */ = {
			isa = PBXContainerItemProxy;
			containerPortal = 2FE2DD512FBDFE42009A0E06 /* Project object */;
			proxyType = 1;
			remoteGlobalIDString = 2FE2DD582FBDFE42009A0E06;
			remoteInfo = Homestead;
		};
		2FE2DD732FBDFE43009A0E06 /* PBXContainerItemProxy */ = {
			isa = PBXContainerItemProxy;
			containerPortal = 2FE2DD512FBDFE42009A0E06 /* Project object */;
			proxyType = 1;
			remoteGlobalIDString = 2FE2DD582FBDFE42009A0E06;
			remoteInfo = Homestead;
		};
		A100000C2FBDFE43009A0E06 /* PBXContainerItemProxy */ = {
			isa = PBXContainerItemProxy;
			containerPortal = 2FE2DD512FBDFE42009A0E06 /* Project object */;
			proxyType = 1;
			remoteGlobalIDString = A10000062FBDFE43009A0E06;
			remoteInfo = HomesteadWidgets;
		};
/* End PBXContainerItemProxy section */

/* Begin PBXCopyFilesBuildPhase section */
		A100000A2FBDFE43009A0E06 /* Embed Foundation Extensions */ = {
			isa = PBXCopyFilesBuildPhase;
			buildActionMask = 2147483647;
			dstPath = "";
			dstSubfolderSpec = 13;
			files = (
				A100000B2FBDFE43009A0E06 /* HomesteadWidgets.appex in Embed Foundation Extensions */,
			);
			name = "Embed Foundation Extensions";
			runOnlyForDeploymentPostprocessing = 0;
		};
/* End PBXCopyFilesBuildPhase section */

/* Begin PBXFileReference section */
		2FE2DD592FBDFE42009A0E06 /* Homestead.app */ = {isa = PBXFileReference; explicitFileType = wrapper.application; includeInIndex = 0; path = Homestead.app; sourceTree = BUILT_PRODUCTS_DIR; };
		2FE2DD682FBDFE43009A0E06 /* HomesteadTests.xctest */ = {isa = PBXFileReference; explicitFileType = wrapper.cfbundle; includeInIndex = 0; path = HomesteadTests.xctest; sourceTree = BUILT_PRODUCTS_DIR; };
		2FE2DD722FBDFE43009A0E06 /* HomesteadUITests.xctest */ = {isa = PBXFileReference; explicitFileType = wrapper.cfbundle; includeInIndex = 0; path = HomesteadUITests.xctest; sourceTree = BUILT_PRODUCTS_DIR; };
		A10000012FBDFE43009A0E06 /* HomesteadWidgets.appex */ = {isa = PBXFileReference; explicitFileType = "wrapper.app-extension"; includeInIndex = 0; path = HomesteadWidgets.appex; sourceTree = BUILT_PRODUCTS_DIR; };
/* End PBXFileReference section */

/* Begin PBXFileSystemSynchronizedBuildFileExceptionSet section */
		A100000E2FBDFE43009A0E06 /* Exceptions for "HomesteadWidgets" folder in "HomesteadWidgets" target */ = {
			isa = PBXFileSystemSynchronizedBuildFileExceptionSet;
			membershipExceptions = (
				Info.plist,
			);
			target = A10000062FBDFE43009A0E06 /* HomesteadWidgets */;
		};
		A10000102FC7B3B100000001 /* Exceptions for "Homestead" folder in "Homestead" target */ = {
			isa = PBXFileSystemSynchronizedBuildFileExceptionSet;
			membershipExceptions = (
				Info.plist,
			);
			target = 2FE2DD582FBDFE42009A0E06 /* Homestead */;
		};
/* End PBXFileSystemSynchronizedBuildFileExceptionSet section */

/* Begin PBXFileSystemSynchronizedRootGroup section */
		2FE2DD5B2FBDFE42009A0E06 /* Homestead */ = {
			isa = PBXFileSystemSynchronizedRootGroup;
			exceptions = (
				A10000102FC7B3B100000001 /* Exceptions for "Homestead" folder in "Homestead" target */,
			);
			path = Homestead;
			sourceTree = "<group>";
		};
		2FE2DD6B2FBDFE43009A0E06 /* HomesteadTests */ = {
			isa = PBXFileSystemSynchronizedRootGroup;
			path = HomesteadTests;
			sourceTree = "<group>";
		};
		2FE2DD752FBDFE43009A0E06 /* HomesteadUITests */ = {
			isa = PBXFileSystemSynchronizedRootGroup;
			path = HomesteadUITests;
			sourceTree = "<group>";
		};
		A10000022FBDFE43009A0E06 /* HomesteadWidgets */ = {
			isa = PBXFileSystemSynchronizedRootGroup;
			exceptions = (
				A100000E2FBDFE43009A0E06 /* Exceptions for "HomesteadWidgets" folder in "HomesteadWidgets" target */,
			);
			path = HomesteadWidgets;
			sourceTree = "<group>";
		};
		A20000012FC8000000000001 /* Shared */ = {
			isa = PBXFileSystemSynchronizedRootGroup;
			path = Shared;
			sourceTree = "<group>";
		};
/* End PBXFileSystemSynchronizedRootGroup section */

/* Begin PBXFrameworksBuildPhase section */
		2FE2DD562FBDFE42009A0E06 /* Frameworks */ = {
			isa = PBXFrameworksBuildPhase;
			buildActionMask = 2147483647;
			files = (
			);
			runOnlyForDeploymentPostprocessing = 0;
		};
		2FE2DD652FBDFE43009A0E06 /* Frameworks */ = {
			isa = PBXFrameworksBuildPhase;
			buildActionMask = 2147483647;
			files = (
			);
			runOnlyForDeploymentPostprocessing = 0;
		};
		2FE2DD6F2FBDFE43009A0E06 /* Frameworks */ = {
			isa = PBXFrameworksBuildPhase;
			buildActionMask = 2147483647;
			files = (
			);
			runOnlyForDeploymentPostprocessing = 0;
		};
		A10000032FBDFE43009A0E06 /* Frameworks */ = {
			isa = PBXFrameworksBuildPhase;
			buildActionMask = 2147483647;
			files = (
			);
			runOnlyForDeploymentPostprocessing = 0;
		};
/* End PBXFrameworksBuildPhase section */

/* Begin PBXGroup section */
		2FE2DD502FBDFE42009A0E06 = {
			isa = PBXGroup;
			children = (
				2FE2DD5B2FBDFE42009A0E06 /* Homestead */,
				A10000022FBDFE43009A0E06 /* HomesteadWidgets */,
				A20000012FC8000000000001 /* Shared */,
				2FE2DD6B2FBDFE43009A0E06 /* HomesteadTests */,
				2FE2DD752FBDFE43009A0E06 /* HomesteadUITests */,
				2FE2DD5A2FBDFE42009A0E06 /* Products */,
			);
			sourceTree = "<group>";
		};
		2FE2DD5A2FBDFE42009A0E06 /* Products */ = {
			isa = PBXGroup;
			children = (
				2FE2DD592FBDFE42009A0E06 /* Homestead.app */,
				A10000012FBDFE43009A0E06 /* HomesteadWidgets.appex */,
				2FE2DD682FBDFE43009A0E06 /* HomesteadTests.xctest */,
				2FE2DD722FBDFE43009A0E06 /* HomesteadUITests.xctest */,
			);
			name = Products;
			sourceTree = "<group>";
		};
/* End PBXGroup section */

/* Begin PBXNativeTarget section */
		2FE2DD582FBDFE42009A0E06 /* Homestead */ = {
			isa = PBXNativeTarget;
			buildConfigurationList = 2FE2DD7C2FBDFE43009A0E06 /* Build configuration list for PBXNativeTarget "Homestead" */;
			buildPhases = (
				2FE2DD552FBDFE42009A0E06 /* Sources */,
				2FE2DD562FBDFE42009A0E06 /* Frameworks */,
				2FE2DD572FBDFE42009A0E06 /* Resources */,
				A10000112FC7CC000000001 /* Copy Local Preview Resources */,
				A100000A2FBDFE43009A0E06 /* Embed Foundation Extensions */,
			);
			buildRules = (
			);
			dependencies = (
				A100000D2FBDFE43009A0E06 /* PBXTargetDependency */,
			);
			fileSystemSynchronizedGroups = (
				2FE2DD5B2FBDFE42009A0E06 /* Homestead */,
				A20000012FC8000000000001 /* Shared */,
			);
			name = Homestead;
			packageProductDependencies = (
			);
			productName = Homestead;
			productReference = 2FE2DD592FBDFE42009A0E06 /* Homestead.app */;
			productType = "com.apple.product-type.application";
		};
		2FE2DD672FBDFE43009A0E06 /* HomesteadTests */ = {
			isa = PBXNativeTarget;
			buildConfigurationList = 2FE2DD7F2FBDFE43009A0E06 /* Build configuration list for PBXNativeTarget "HomesteadTests" */;
			buildPhases = (
				2FE2DD642FBDFE43009A0E06 /* Sources */,
				2FE2DD652FBDFE43009A0E06 /* Frameworks */,
				2FE2DD662FBDFE43009A0E06 /* Resources */,
			);
			buildRules = (
			);
			dependencies = (
				2FE2DD6A2FBDFE43009A0E06 /* PBXTargetDependency */,
			);
			fileSystemSynchronizedGroups = (
				2FE2DD6B2FBDFE43009A0E06 /* HomesteadTests */,
			);
			name = HomesteadTests;
			packageProductDependencies = (
			);
			productName = HomesteadTests;
			productReference = 2FE2DD682FBDFE43009A0E06 /* HomesteadTests.xctest */;
			productType = "com.apple.product-type.bundle.unit-test";
		};
		2FE2DD712FBDFE43009A0E06 /* HomesteadUITests */ = {
			isa = PBXNativeTarget;
			buildConfigurationList = 2FE2DD822FBDFE43009A0E06 /* Build configuration list for PBXNativeTarget "HomesteadUITests" */;
			buildPhases = (
				2FE2DD6E2FBDFE43009A0E06 /* Sources */,
				2FE2DD6F2FBDFE43009A0E06 /* Frameworks */,
				2FE2DD702FBDFE43009A0E06 /* Resources */,
			);
			buildRules = (
			);
			dependencies = (
				2FE2DD742FBDFE43009A0E06 /* PBXTargetDependency */,
			);
			fileSystemSynchronizedGroups = (
				2FE2DD752FBDFE43009A0E06 /* HomesteadUITests */,
			);
			name = HomesteadUITests;
			packageProductDependencies = (
			);
			productName = HomesteadUITests;
			productReference = 2FE2DD722FBDFE43009A0E06 /* HomesteadUITests.xctest */;
			productType = "com.apple.product-type.bundle.ui-testing";
		};
		A10000062FBDFE43009A0E06 /* HomesteadWidgets */ = {
			isa = PBXNativeTarget;
			buildConfigurationList = A10000072FBDFE43009A0E06 /* Build configuration list for PBXNativeTarget "HomesteadWidgets" */;
			buildPhases = (
				A10000052FBDFE43009A0E06 /* Sources */,
				A10000032FBDFE43009A0E06 /* Frameworks */,
				A10000042FBDFE43009A0E06 /* Resources */,
			);
			buildRules = (
			);
			dependencies = (
			);
			fileSystemSynchronizedGroups = (
				A10000022FBDFE43009A0E06 /* HomesteadWidgets */,
				A20000012FC8000000000001 /* Shared */,
			);
			name = HomesteadWidgets;
			packageProductDependencies = (
			);
			productName = HomesteadWidgets;
			productReference = A10000012FBDFE43009A0E06 /* HomesteadWidgets.appex */;
			productType = "com.apple.product-type.app-extension";
		};
/* End PBXNativeTarget section */

/* Begin PBXProject section */
		2FE2DD512FBDFE42009A0E06 /* Project object */ = {
			isa = PBXProject;
			attributes = {
				BuildIndependentTargetsInParallel = 1;
				LastSwiftUpdateCheck = 2650;
				LastUpgradeCheck = 2700;
				TargetAttributes = {
					2FE2DD582FBDFE42009A0E06 = {
						CreatedOnToolsVersion = 26.5;
					};
					2FE2DD672FBDFE43009A0E06 = {
						CreatedOnToolsVersion = 26.5;
						TestTargetID = 2FE2DD582FBDFE42009A0E06;
					};
					2FE2DD712FBDFE43009A0E06 = {
						CreatedOnToolsVersion = 26.5;
						TestTargetID = 2FE2DD582FBDFE42009A0E06;
					};
					A10000062FBDFE43009A0E06 = {
						CreatedOnToolsVersion = 26.5;
					};
				};
			};
			buildConfigurationList = 2FE2DD542FBDFE42009A0E06 /* Build configuration list for PBXProject "Homestead" */;
			developmentRegion = en;
			hasScannedForEncodings = 0;
			knownRegions = (
				en,
				Base,
			);
			mainGroup = 2FE2DD502FBDFE42009A0E06;
			minimizedProjectReferenceProxies = 1;
			preferredProjectObjectVersion = 77;
			productRefGroup = 2FE2DD5A2FBDFE42009A0E06 /* Products */;
			projectDirPath = "";
			projectRoot = "";
			targets = (
				2FE2DD582FBDFE42009A0E06 /* Homestead */,
				A10000062FBDFE43009A0E06 /* HomesteadWidgets */,
				2FE2DD672FBDFE43009A0E06 /* HomesteadTests */,
				2FE2DD712FBDFE43009A0E06 /* HomesteadUITests */,
			);
		};
/* End PBXProject section */

/* Begin PBXResourcesBuildPhase section */
		2FE2DD572FBDFE42009A0E06 /* Resources */ = {
			isa = PBXResourcesBuildPhase;
			buildActionMask = 2147483647;
			files = (
			);
			runOnlyForDeploymentPostprocessing = 0;
		};
		2FE2DD662FBDFE43009A0E06 /* Resources */ = {
			isa = PBXResourcesBuildPhase;
			buildActionMask = 2147483647;
			files = (
			);
			runOnlyForDeploymentPostprocessing = 0;
		};
		2FE2DD702FBDFE43009A0E06 /* Resources */ = {
			isa = PBXResourcesBuildPhase;
			buildActionMask = 2147483647;
			files = (
			);
			runOnlyForDeploymentPostprocessing = 0;
		};
		A10000042FBDFE43009A0E06 /* Resources */ = {
			isa = PBXResourcesBuildPhase;
			buildActionMask = 2147483647;
			files = (
			);
			runOnlyForDeploymentPostprocessing = 0;
		};
/* End PBXResourcesBuildPhase section */

/* Begin PBXShellScriptBuildPhase section */
		A10000112FC7CC000000001 /* Copy Local Preview Resources */ = {
			isa = PBXShellScriptBuildPhase;
			alwaysOutOfDate = 1;
			buildActionMask = 2147483647;
			files = (
			);
			inputFileListPaths = (
			);
			inputPaths = (
				"$(SRCROOT)/PreviewCredentials.json",
				"$(SRCROOT)/PreviewDashboardLayout.json",
			);
			name = "Copy Local Preview Resources";
			outputFileListPaths = (
			);
			outputPaths = (
				"$(TARGET_BUILD_DIR)/$(UNLOCALIZED_RESOURCES_FOLDER_PATH)/PreviewCredentials.json",
				"$(TARGET_BUILD_DIR)/$(UNLOCALIZED_RESOURCES_FOLDER_PATH)/PreviewDashboardLayout.json",
			);
			runOnlyForDeploymentPostprocessing = 0;
			shellPath = /bin/sh;
			shellScript = "set -euo pipefail\n\ncopy_debug_resource() {\n    SOURCE=\"${SRCROOT}/$1\"\n    DESTINATION=\"${TARGET_BUILD_DIR}/${UNLOCALIZED_RESOURCES_FOLDER_PATH}/$1\"\n\n    if [ \"${CONFIGURATION}\" = \"Debug\" ] && [ -f \"${SOURCE}\" ]; then\n        cp \"${SOURCE}\" \"${DESTINATION}\"\n    else\n        rm -f \"${DESTINATION}\"\n    fi\n}\n\ncopy_debug_resource \"PreviewCredentials.json\"\ncopy_debug_resource \"PreviewDashboardLayout.json\"\n";
		};
/* End PBXShellScriptBuildPhase section */

/* Begin PBXSourcesBuildPhase section */
		2FE2DD552FBDFE42009A0E06 /* Sources */ = {
			isa = PBXSourcesBuildPhase;
			buildActionMask = 2147483647;
			files = (
			);
			runOnlyForDeploymentPostprocessing = 0;
		};
		2FE2DD642FBDFE43009A0E06 /* Sources */ = {
			isa = PBXSourcesBuildPhase;
			buildActionMask = 2147483647;
			files = (
			);
			runOnlyForDeploymentPostprocessing = 0;
		};
		2FE2DD6E2FBDFE43009A0E06 /* Sources */ = {
			isa = PBXSourcesBuildPhase;
			buildActionMask = 2147483647;
			files = (
			);
			runOnlyForDeploymentPostprocessing = 0;
		};
		A10000052FBDFE43009A0E06 /* Sources */ = {
			isa = PBXSourcesBuildPhase;
			buildActionMask = 2147483647;
			files = (
			);
			runOnlyForDeploymentPostprocessing = 0;
		};
/* End PBXSourcesBuildPhase section */

/* Begin PBXTargetDependency section */
		2FE2DD6A2FBDFE43009A0E06 /* PBXTargetDependency */ = {
			isa = PBXTargetDependency;
			target = 2FE2DD582FBDFE42009A0E06 /* Homestead */;
			targetProxy = 2FE2DD692FBDFE43009A0E06 /* PBXContainerItemProxy */;
		};
		2FE2DD742FBDFE43009A0E06 /* PBXTargetDependency */ = {
			isa = PBXTargetDependency;
			target = 2FE2DD582FBDFE42009A0E06 /* Homestead */;
			targetProxy = 2FE2DD732FBDFE43009A0E06 /* PBXContainerItemProxy */;
		};
		A100000D2FBDFE43009A0E06 /* PBXTargetDependency */ = {
			isa = PBXTargetDependency;
			target = A10000062FBDFE43009A0E06 /* HomesteadWidgets */;
			targetProxy = A100000C2FBDFE43009A0E06 /* PBXContainerItemProxy */;
		};
/* End PBXTargetDependency section */

/* Begin XCBuildConfiguration section */
		2FE2DD7A2FBDFE43009A0E06 /* Debug */ = {
			isa = XCBuildConfiguration;
			buildSettings = {
				ALWAYS_SEARCH_USER_PATHS = NO;
				ASSETCATALOG_COMPILER_GENERATE_SWIFT_ASSET_SYMBOL_EXTENSIONS = YES;
				CLANG_ANALYZER_NONNULL = YES;
				CLANG_ANALYZER_NUMBER_OBJECT_CONVERSION = YES_AGGRESSIVE;
				CLANG_CXX_LANGUAGE_STANDARD = "gnu++20";
				CLANG_ENABLE_MODULES = YES;
				CLANG_ENABLE_OBJC_ARC = YES;
				CLANG_ENABLE_OBJC_WEAK = YES;
				CLANG_WARN_BLOCK_CAPTURE_AUTORELEASING = YES;
				CLANG_WARN_BOOL_CONVERSION = YES;
				CLANG_WARN_COMMA = YES;
				CLANG_WARN_CONSTANT_CONVERSION = YES;
				CLANG_WARN_DEPRECATED_OBJC_IMPLEMENTATIONS = YES;
				CLANG_WARN_DIRECT_OBJC_ISA_USAGE = YES_ERROR;
				CLANG_WARN_DOCUMENTATION_COMMENTS = YES;
				CLANG_WARN_EMPTY_BODY = YES;
				CLANG_WARN_ENUM_CONVERSION = YES;
				CLANG_WARN_INFINITE_RECURSION = YES;
				CLANG_WARN_INT_CONVERSION = YES;
				CLANG_WARN_NON_LITERAL_NULL_CONVERSION = YES;
				CLANG_WARN_OBJC_IMPLICIT_RETAIN_SELF = YES;
				CLANG_WARN_OBJC_LITERAL_CONVERSION = YES;
				CLANG_WARN_OBJC_ROOT_CLASS = YES_ERROR;
				CLANG_WARN_QUOTED_INCLUDE_IN_FRAMEWORK_HEADER = YES;
				CLANG_WARN_RANGE_LOOP_ANALYSIS = YES;
				CLANG_WARN_STRICT_PROTOTYPES = YES;
				CLANG_WARN_SUSPICIOUS_MOVE = YES;
				CLANG_WARN_UNGUARDED_AVAILABILITY = YES_AGGRESSIVE;
				CLANG_WARN_UNREACHABLE_CODE = YES;
				CLANG_WARN__DUPLICATE_METHOD_MATCH = YES;
				COPY_PHASE_STRIP = NO;
				DEBUG_INFORMATION_FORMAT = dwarf;
				DEVELOPMENT_TEAM = XKQ424HQ33;
				ENABLE_STRICT_OBJC_MSGSEND = YES;
				ENABLE_TESTABILITY = YES;
				ENABLE_USER_SCRIPT_SANDBOXING = YES;
				GCC_C_LANGUAGE_STANDARD = gnu17;
				GCC_DYNAMIC_NO_PIC = NO;
				GCC_NO_COMMON_BLOCKS = YES;
				GCC_OPTIMIZATION_LEVEL = 0;
				GCC_PREPROCESSOR_DEFINITIONS = (
					"DEBUG=1",
					"$(inherited)",
				);
				GCC_WARN_64_TO_32_BIT_CONVERSION = YES;
				GCC_WARN_ABOUT_RETURN_TYPE = YES_ERROR;
				GCC_WARN_UNDECLARED_SELECTOR = YES;
				GCC_WARN_UNINITIALIZED_AUTOS = YES_AGGRESSIVE;
				GCC_WARN_UNUSED_FUNCTION = YES;
				GCC_WARN_UNUSED_VARIABLE = YES;
				IPHONEOS_DEPLOYMENT_TARGET = 26.5;
				LOCALIZATION_PREFERS_STRING_CATALOGS = YES;
				MTL_ENABLE_DEBUG_INFO = INCLUDE_SOURCE;
				MTL_FAST_MATH = YES;
				ONLY_ACTIVE_ARCH = YES;
				SDKROOT = iphoneos;
				STRING_CATALOG_GENERATE_SYMBOLS = YES;
				SWIFT_ACTIVE_COMPILATION_CONDITIONS = "DEBUG $(inherited)";
				SWIFT_OPTIMIZATION_LEVEL = "-Onone";
			};
			name = Debug;
		};
		2FE2DD7B2FBDFE43009A0E06 /* Release */ = {
			isa = XCBuildConfiguration;
			buildSettings = {
				ALWAYS_SEARCH_USER_PATHS = NO;
				ASSETCATALOG_COMPILER_GENERATE_SWIFT_ASSET_SYMBOL_EXTENSIONS = YES;
				CLANG_ANALYZER_NONNULL = YES;
				CLANG_ANALYZER_NUMBER_OBJECT_CONVERSION = YES_AGGRESSIVE;
				CLANG_CXX_LANGUAGE_STANDARD = "gnu++20";
				CLANG_ENABLE_MODULES = YES;
				CLANG_ENABLE_OBJC_ARC = YES;
				CLANG_ENABLE_OBJC_WEAK = YES;
				CLANG_WARN_BLOCK_CAPTURE_AUTORELEASING = YES;
				CLANG_WARN_BOOL_CONVERSION = YES;
				CLANG_WARN_COMMA = YES;
				CLANG_WARN_CONSTANT_CONVERSION = YES;
				CLANG_WARN_DEPRECATED_OBJC_IMPLEMENTATIONS = YES;
				CLANG_WARN_DIRECT_OBJC_ISA_USAGE = YES_ERROR;
				CLANG_WARN_DOCUMENTATION_COMMENTS = YES;
				CLANG_WARN_EMPTY_BODY = YES;
				CLANG_WARN_ENUM_CONVERSION = YES;
				CLANG_WARN_INFINITE_RECURSION = YES;
				CLANG_WARN_INT_CONVERSION = YES;
				CLANG_WARN_NON_LITERAL_NULL_CONVERSION = YES;
				CLANG_WARN_OBJC_IMPLICIT_RETAIN_SELF = YES;
				CLANG_WARN_OBJC_LITERAL_CONVERSION = YES;
				CLANG_WARN_OBJC_ROOT_CLASS = YES_ERROR;
				CLANG_WARN_QUOTED_INCLUDE_IN_FRAMEWORK_HEADER = YES;
				CLANG_WARN_RANGE_LOOP_ANALYSIS = YES;
				CLANG_WARN_STRICT_PROTOTYPES = YES;
				CLANG_WARN_SUSPICIOUS_MOVE = YES;
				CLANG_WARN_UNGUARDED_AVAILABILITY = YES_AGGRESSIVE;
				CLANG_WARN_UNREACHABLE_CODE = YES;
				CLANG_WARN__DUPLICATE_METHOD_MATCH = YES;
				COPY_PHASE_STRIP = NO;
				DEBUG_INFORMATION_FORMAT = "dwarf-with-dsym";
				DEVELOPMENT_TEAM = XKQ424HQ33;
				ENABLE_NS_ASSERTIONS = NO;
				ENABLE_STRICT_OBJC_MSGSEND = YES;
				ENABLE_USER_SCRIPT_SANDBOXING = YES;
				GCC_C_LANGUAGE_STANDARD = gnu17;
				GCC_NO_COMMON_BLOCKS = YES;
				GCC_WARN_64_TO_32_BIT_CONVERSION = YES;
				GCC_WARN_ABOUT_RETURN_TYPE = YES_ERROR;
				GCC_WARN_UNDECLARED_SELECTOR = YES;
				GCC_WARN_UNINITIALIZED_AUTOS = YES_AGGRESSIVE;
				GCC_WARN_UNUSED_FUNCTION = YES;
				GCC_WARN_UNUSED_VARIABLE = YES;
				IPHONEOS_DEPLOYMENT_TARGET = 26.5;
				LOCALIZATION_PREFERS_STRING_CATALOGS = YES;
				MTL_ENABLE_DEBUG_INFO = NO;
				MTL_FAST_MATH = YES;
				SDKROOT = iphoneos;
				STRING_CATALOG_GENERATE_SYMBOLS = YES;
				SWIFT_COMPILATION_MODE = wholemodule;
				VALIDATE_PRODUCT = YES;
			};
			name = Release;
		};
		2FE2DD7D2FBDFE43009A0E06 /* Debug */ = {
			isa = XCBuildConfiguration;
			buildSettings = {
				ASSETCATALOG_COMPILER_APPICON_NAME = AppIcon;
				ASSETCATALOG_COMPILER_GLOBAL_ACCENT_COLOR_NAME = AccentColor;
				CODE_SIGN_ENTITLEMENTS = Homestead/Homestead.entitlements;
				CODE_SIGN_STYLE = Automatic;
				CURRENT_PROJECT_VERSION = 1;
				DEVELOPMENT_TEAM = XKQ424HQ33;
				ENABLE_PREVIEWS = YES;
				GENERATE_INFOPLIST_FILE = NO;
				INFOPLIST_FILE = Homestead/Info.plist;
				LD_RUNPATH_SEARCH_PATHS = (
					"$(inherited)",
					"@executable_path/Frameworks",
				);
				MARKETING_VERSION = 1.0;
				PRODUCT_BUNDLE_IDENTIFIER = com.tyler.Homestead;
				PRODUCT_NAME = "$(TARGET_NAME)";
				STRING_CATALOG_GENERATE_SYMBOLS = YES;
				SWIFT_APPROACHABLE_CONCURRENCY = YES;
				SWIFT_DEFAULT_ACTOR_ISOLATION = MainActor;
				SWIFT_EMIT_LOC_STRINGS = YES;
				SWIFT_UPCOMING_FEATURE_MEMBER_IMPORT_VISIBILITY = YES;
				SWIFT_VERSION = 5.0;
				TARGETED_DEVICE_FAMILY = "1,2";
			};
			name = Debug;
		};
		2FE2DD7E2FBDFE43009A0E06 /* Release */ = {
			isa = XCBuildConfiguration;
			buildSettings = {
				ASSETCATALOG_COMPILER_APPICON_NAME = AppIcon;
				ASSETCATALOG_COMPILER_GLOBAL_ACCENT_COLOR_NAME = AccentColor;
				CODE_SIGN_ENTITLEMENTS = Homestead/Homestead.entitlements;
				CODE_SIGN_STYLE = Automatic;
				CURRENT_PROJECT_VERSION = 1;
				DEVELOPMENT_TEAM = XKQ424HQ33;
				ENABLE_PREVIEWS = YES;
				GENERATE_INFOPLIST_FILE = NO;
				INFOPLIST_FILE = Homestead/Info.plist;
				LD_RUNPATH_SEARCH_PATHS = (
					"$(inherited)",
					"@executable_path/Frameworks",
				);
				MARKETING_VERSION = 1.0;
				PRODUCT_BUNDLE_IDENTIFIER = com.tyler.Homestead;
				PRODUCT_NAME = "$(TARGET_NAME)";
				STRING_CATALOG_GENERATE_SYMBOLS = YES;
				SWIFT_APPROACHABLE_CONCURRENCY = YES;
				SWIFT_DEFAULT_ACTOR_ISOLATION = MainActor;
				SWIFT_EMIT_LOC_STRINGS = YES;
				SWIFT_UPCOMING_FEATURE_MEMBER_IMPORT_VISIBILITY = YES;
				SWIFT_VERSION = 5.0;
				TARGETED_DEVICE_FAMILY = "1,2";
			};
			name = Release;
		};
		2FE2DD802FBDFE43009A0E06 /* Debug */ = {
			isa = XCBuildConfiguration;
			buildSettings = {
				BUNDLE_LOADER = "$(TEST_HOST)";
				CODE_SIGN_STYLE = Automatic;
				CURRENT_PROJECT_VERSION = 1;
				DEVELOPMENT_TEAM = XKQ424HQ33;
				GENERATE_INFOPLIST_FILE = YES;
				IPHONEOS_DEPLOYMENT_TARGET = 26.5;
				MARKETING_VERSION = 1.0;
				PRODUCT_BUNDLE_IDENTIFIER = com.tyler.HomesteadTests;
				PRODUCT_NAME = "$(TARGET_NAME)";
				STRING_CATALOG_GENERATE_SYMBOLS = NO;
				SWIFT_APPROACHABLE_CONCURRENCY = YES;
				SWIFT_EMIT_LOC_STRINGS = NO;
				SWIFT_UPCOMING_FEATURE_MEMBER_IMPORT_VISIBILITY = YES;
				SWIFT_VERSION = 5.0;
				TARGETED_DEVICE_FAMILY = "1,2";
				TEST_HOST = "$(BUILT_PRODUCTS_DIR)/Homestead.app/$(BUNDLE_EXECUTABLE_FOLDER_PATH)/Homestead";
			};
			name = Debug;
		};
		2FE2DD812FBDFE43009A0E06 /* Release */ = {
			isa = XCBuildConfiguration;
			buildSettings = {
				BUNDLE_LOADER = "$(TEST_HOST)";
				CODE_SIGN_STYLE = Automatic;
				CURRENT_PROJECT_VERSION = 1;
				DEVELOPMENT_TEAM = XKQ424HQ33;
				GENERATE_INFOPLIST_FILE = YES;
				IPHONEOS_DEPLOYMENT_TARGET = 26.5;
				MARKETING_VERSION = 1.0;
				PRODUCT_BUNDLE_IDENTIFIER = com.tyler.HomesteadTests;
				PRODUCT_NAME = "$(TARGET_NAME)";
				STRING_CATALOG_GENERATE_SYMBOLS = NO;
				SWIFT_APPROACHABLE_CONCURRENCY = YES;
				SWIFT_EMIT_LOC_STRINGS = NO;
				SWIFT_UPCOMING_FEATURE_MEMBER_IMPORT_VISIBILITY = YES;
				SWIFT_VERSION = 5.0;
				TARGETED_DEVICE_FAMILY = "1,2";
				TEST_HOST = "$(BUILT_PRODUCTS_DIR)/Homestead.app/$(BUNDLE_EXECUTABLE_FOLDER_PATH)/Homestead";
			};
			name = Release;
		};
		2FE2DD832FBDFE43009A0E06 /* Debug */ = {
			isa = XCBuildConfiguration;
			buildSettings = {
				CODE_SIGN_STYLE = Automatic;
				CURRENT_PROJECT_VERSION = 1;
				DEVELOPMENT_TEAM = XKQ424HQ33;
				GENERATE_INFOPLIST_FILE = YES;
				MARKETING_VERSION = 1.0;
				PRODUCT_BUNDLE_IDENTIFIER = com.tyler.HomesteadUITests;
				PRODUCT_NAME = "$(TARGET_NAME)";
				STRING_CATALOG_GENERATE_SYMBOLS = NO;
				SWIFT_APPROACHABLE_CONCURRENCY = YES;
				SWIFT_EMIT_LOC_STRINGS = NO;
				SWIFT_UPCOMING_FEATURE_MEMBER_IMPORT_VISIBILITY = YES;
				SWIFT_VERSION = 5.0;
				TARGETED_DEVICE_FAMILY = "1,2";
				TEST_TARGET_NAME = Homestead;
			};
			name = Debug;
		};
		2FE2DD842FBDFE43009A0E06 /* Release */ = {
			isa = XCBuildConfiguration;
			buildSettings = {
				CODE_SIGN_STYLE = Automatic;
				CURRENT_PROJECT_VERSION = 1;
				DEVELOPMENT_TEAM = XKQ424HQ33;
				GENERATE_INFOPLIST_FILE = YES;
				MARKETING_VERSION = 1.0;
				PRODUCT_BUNDLE_IDENTIFIER = com.tyler.HomesteadUITests;
				PRODUCT_NAME = "$(TARGET_NAME)";
				STRING_CATALOG_GENERATE_SYMBOLS = NO;
				SWIFT_APPROACHABLE_CONCURRENCY = YES;
				SWIFT_EMIT_LOC_STRINGS = NO;
				SWIFT_UPCOMING_FEATURE_MEMBER_IMPORT_VISIBILITY = YES;
				SWIFT_VERSION = 5.0;
				TARGETED_DEVICE_FAMILY = "1,2";
				TEST_TARGET_NAME = Homestead;
			};
			name = Release;
		};
		A10000082FBDFE43009A0E06 /* Debug */ = {
			isa = XCBuildConfiguration;
			buildSettings = {
				APPLICATION_EXTENSION_API_ONLY = YES;
				CODE_SIGN_ENTITLEMENTS = HomesteadWidgets/HomesteadWidgets.entitlements;
				CODE_SIGN_STYLE = Automatic;
				CURRENT_PROJECT_VERSION = 1;
				DEVELOPMENT_TEAM = XKQ424HQ33;
				GENERATE_INFOPLIST_FILE = NO;
				INFOPLIST_FILE = HomesteadWidgets/Info.plist;
				LD_RUNPATH_SEARCH_PATHS = (
					"$(inherited)",
					"@executable_path/Frameworks",
					"@executable_path/../../Frameworks",
				);
				MARKETING_VERSION = 1.0;
				PRODUCT_BUNDLE_IDENTIFIER = com.tyler.Homestead.Widgets;
				PRODUCT_NAME = "$(TARGET_NAME)";
				SKIP_INSTALL = YES;
				STRING_CATALOG_GENERATE_SYMBOLS = YES;
				SWIFT_APPROACHABLE_CONCURRENCY = YES;
				SWIFT_EMIT_LOC_STRINGS = YES;
				SWIFT_UPCOMING_FEATURE_MEMBER_IMPORT_VISIBILITY = YES;
				SWIFT_VERSION = 5.0;
				TARGETED_DEVICE_FAMILY = "1,2";
			};
			name = Debug;
		};
		A10000092FBDFE43009A0E06 /* Release */ = {
			isa = XCBuildConfiguration;
			buildSettings = {
				APPLICATION_EXTENSION_API_ONLY = YES;
				CODE_SIGN_ENTITLEMENTS = HomesteadWidgets/HomesteadWidgets.entitlements;
				CODE_SIGN_STYLE = Automatic;
				CURRENT_PROJECT_VERSION = 1;
				DEVELOPMENT_TEAM = XKQ424HQ33;
				GENERATE_INFOPLIST_FILE = NO;
				INFOPLIST_FILE = HomesteadWidgets/Info.plist;
				LD_RUNPATH_SEARCH_PATHS = (
					"$(inherited)",
					"@executable_path/Frameworks",
					"@executable_path/../../Frameworks",
				);
				MARKETING_VERSION = 1.0;
				PRODUCT_BUNDLE_IDENTIFIER = com.tyler.Homestead.Widgets;
				PRODUCT_NAME = "$(TARGET_NAME)";
				SKIP_INSTALL = YES;
				STRING_CATALOG_GENERATE_SYMBOLS = YES;
				SWIFT_APPROACHABLE_CONCURRENCY = YES;
				SWIFT_EMIT_LOC_STRINGS = YES;
				SWIFT_UPCOMING_FEATURE_MEMBER_IMPORT_VISIBILITY = YES;
				SWIFT_VERSION = 5.0;
				TARGETED_DEVICE_FAMILY = "1,2";
			};
			name = Release;
		};
/* End XCBuildConfiguration section */

/* Begin XCConfigurationList section */
		2FE2DD542FBDFE42009A0E06 /* Build configuration list for PBXProject "Homestead" */ = {
			isa = XCConfigurationList;
			buildConfigurations = (
				2FE2DD7A2FBDFE43009A0E06 /* Debug */,
				2FE2DD7B2FBDFE43009A0E06 /* Release */,
			);
			defaultConfigurationIsVisible = 0;
			defaultConfigurationName = Release;
		};
		2FE2DD7C2FBDFE43009A0E06 /* Build configuration list for PBXNativeTarget "Homestead" */ = {
			isa = XCConfigurationList;
			buildConfigurations = (
				2FE2DD7D2FBDFE43009A0E06 /* Debug */,
				2FE2DD7E2FBDFE43009A0E06 /* Release */,
			);
			defaultConfigurationIsVisible = 0;
			defaultConfigurationName = Release;
		};
		2FE2DD7F2FBDFE43009A0E06 /* Build configuration list for PBXNativeTarget "HomesteadTests" */ = {
			isa = XCConfigurationList;
			buildConfigurations = (
				2FE2DD802FBDFE43009A0E06 /* Debug */,
				2FE2DD812FBDFE43009A0E06 /* Release */,
			);
			defaultConfigurationIsVisible = 0;
			defaultConfigurationName = Release;
		};
		2FE2DD822FBDFE43009A0E06 /* Build configuration list for PBXNativeTarget "HomesteadUITests" */ = {
			isa = XCConfigurationList;
			buildConfigurations = (
				2FE2DD832FBDFE43009A0E06 /* Debug */,
				2FE2DD842FBDFE43009A0E06 /* Release */,
			);
			defaultConfigurationIsVisible = 0;
			defaultConfigurationName = Release;
		};
		A10000072FBDFE43009A0E06 /* Build configuration list for PBXNativeTarget "HomesteadWidgets" */ = {
			isa = XCConfigurationList;
			buildConfigurations = (
				A10000082FBDFE43009A0E06 /* Debug */,
				A10000092FBDFE43009A0E06 /* Release */,
			);
			defaultConfigurationIsVisible = 0;
			defaultConfigurationName = Release;
		};
/* End XCConfigurationList section */
	};
	rootObject = 2FE2DD512FBDFE42009A0E06 /* Project object */;
}
